// !$*UTF8*$!
{
	archiveVersion = 1;
	classes = {
	};
	objectVersion = 46;
	objects = {

/* Begin PBXBuildFile section */
		8F7697121ED7D50D0023779F /* main.m in Sources */ = {isa = PBXBuildFile; fileRef = 8F7697111ED7D50D0023779F /* main.m */; };
		8F7697151ED7D50D0023779F /* AppDelegate.m in Sources */ = {isa = PBXBuildFile; fileRef = 8F7697141ED7D50D0023779F /* AppDelegate.m */; };
		8F7697181ED7D50D0023779F /* ViewController.m in Sources */ = {isa = PBXBuildFile; fileRef = 8F7697171ED7D50D0023779F /* ViewController.m */; };
		8F76971B1ED7D50D0023779F /* Main.storyboard in Resources */ = {isa = PBXBuildFile; fileRef = 8F7697191ED7D50D0023779F /* Main.storyboard */; };
		8F76971D1ED7D50D0023779F /* Assets.xcassets in Resources */ = {isa = PBXBuildFile; fileRef = 8F76971C1ED7D50D0023779F /* Assets.xcassets */; };
		8F7697201ED7D50D0023779F /* LaunchScreen.storyboard in Resources */ = {isa = PBXBuildFile; fileRef = 8F76971E1ED7D50D0023779F /* LaunchScreen.storyboard */; };
		8F76972B1ED7D50D0023779F /* ButtonTests.m in Sources */ = {isa = PBXBuildFile; fileRef = 8F76972A1ED7D50D0023779F /* ButtonTests.m */; };
		8F7697361ED7D50E0023779F /* ButtonUITests.m in Sources */ = {isa = PBXBuildFile; fileRef = 8F7697351ED7D50E0023779F /* ButtonUITests.m */; };
		8F7697451ED7D60A0023779F /* DragDeleteButton.m in Sources */ = {isa = PBXBuildFile; fileRef = 8F7697441ED7D60A0023779F /* DragDeleteButton.m */; };
		8F7697481ED800940023779F /* DragDataSource.m in Sources */ = {isa = PBXBuildFile; fileRef = 8F7697471ED800940023779F /* DragDataSource.m */; };
		8F76974C1ED8031B0023779F /* DragViewController.m in Sources */ = {isa = PBXBuildFile; fileRef = 8F76974B1ED8031B0023779F /* DragViewController.m */; };
		8F76974F1ED80CC60023779F /* DragCollectionViewCell.m in Sources */ = {isa = PBXBuildFile; fileRef = 8F76974E1ED80CC60023779F /* DragCollectionViewCell.m */; };
/* End PBXBuildFile section */

/* Begin PBXContainerItemProxy section */
		8F7697271ED7D50D0023779F /* PBXContainerItemProxy */ = {
			isa = PBXContainerItemProxy;
			containerPortal = 8F7697051ED7D50D0023779F /* Project object */;
			proxyType = 1;
			remoteGlobalIDString = 8F76970C1ED7D50D0023779F;
			remoteInfo = Button;
		};
		8F7697321ED7D50E0023779F /* PBXContainerItemProxy */ = {
			isa = PBXContainerItemProxy;
			containerPortal = 8F7697051ED7D50D0023779F /* Project object */;
			proxyType = 1;
			remoteGlobalIDString = 8F76970C1ED7D50D0023779F;
			remoteInfo = Button;
		};
/* End PBXContainerItemProxy section */

/* Begin PBXFileReference section */
		8F76970D1ED7D50D0023779F /* Button.app */ = {isa = PBXFileReference; explicitFileType = wrapper.application; includeInIndex = 0; path = Button.app; sourceTree = BUILT_PRODUCTS_DIR; };
		8F7697111ED7D50D0023779F /* main.m */ = {isa = PBXFileReference; lastKnownFileType = sourcecode.c.objc; path = main.m; sourceTree = "<group>"; };
		8F7697131ED7D50D0023779F /* AppDelegate.h */ = {isa = PBXFileReference; lastKnownFileType = sourcecode.c.h; path = AppDelegate.h; sourceTree = "<group>"; };
		8F7697141ED7D50D0023779F /* AppDelegate.m */ = {isa = PBXFileReference; lastKnownFileType = sourcecode.c.objc; path = AppDelegate.m; sourceTree = "<group>"; };
		8F7697161ED7D50D0023779F /* ViewController.h */ = {isa = PBXFileReference; lastKnownFileType = sourcecode.c.h; path = ViewController.h; sourceTree = "<group>"; };
		8F7697171ED7D50D0023779F /* ViewController.m */ = {isa = PBXFileReference; lastKnownFileType = sourcecode.c.objc; path = ViewController.m; sourceTree = "<group>"; };
		8F76971A1ED7D50D0023779F /* Base */ = {isa = PBXFileReference; lastKnownFileType = file.storyboard; name = Base; path = Base.lproj/Main.storyboard; sourceTree = "<group>"; };
		8F76971C1ED7D50D0023779F /* Assets.xcassets */ = {isa = PBXFileReference; lastKnownFileType = folder.assetcatalog; path = Assets.xcassets; sourceTree = "<group>"; };
		8F76971F1ED7D50D0023779F /* Base */ = {isa = PBXFileReference; lastKnownFileType = file.storyboard; name = Base; path = Base.lproj/LaunchScreen.storyboard; sourceTree = "<group>"; };
		8F7697211ED7D50D0023779F /* Info.plist */ = {isa = PBXFileReference; lastKnownFileType = text.plist.xml; path = Info.plist; sourceTree = "<group>"; };
		8F7697261ED7D50D0023779F /* ButtonTests.xctest */ = {isa = PBXFileReference; explicitFileType = wrapper.cfbundle; includeInIndex = 0; path = ButtonTests.xctest; sourceTree = BUILT_PRODUCTS_DIR; };
		8F76972A1ED7D50D0023779F /* ButtonTests.m */ = {isa = PBXFileReference; lastKnownFileType = sourcecode.c.objc; path = ButtonTests.m; sourceTree = "<group>"; };
		8F76972C1ED7D50E0023779F /* Info.plist */ = {isa = PBXFileReference; lastKnownFileType = text.plist.xml; path = Info.plist; sourceTree = "<group>"; };
		8F7697311ED7D50E0023779F /* ButtonUITests.xctest */ = {isa = PBXFileReference; explicitFileType = wrapper.cfbundle; includeInIndex = 0; path = ButtonUITests.xctest; sourceTree = BUILT_PRODUCTS_DIR; };
		8F7697351ED7D50E0023779F /* ButtonUITests.m */ = {isa = PBXFileReference; lastKnownFileType = sourcecode.c.objc; path = ButtonUITests.m; sourceTree = "<group>"; };
		8F7697371ED7D50E0023779F /* Info.plist */ = {isa = PBXFileReference; lastKnownFileType = text.plist.xml; path = Info.plist; sourceTree = "<group>"; };
		8F7697431ED7D60A0023779F /* DragDeleteButton.h */ = {isa = PBXFileReference; fileEncoding = 4; lastKnownFileType = sourcecode.c.h; path = DragDeleteButton.h; sourceTree = "<group>"; };
		8F7697441ED7D60A0023779F /* DragDeleteButton.m */ = {isa = PBXFileReference; fileEncoding = 4; lastKnownFileType = sourcecode.c.objc; path = DragDeleteButton.m; sourceTree = "<group>"; };
		8F7697461ED800940023779F /* DragDataSource.h */ = {isa = PBXFileReference; fileEncoding = 4; lastKnownFileType = sourcecode.c.h; path = DragDataSource.h; sourceTree = "<group>"; };
		8F7697471ED800940023779F /* DragDataSource.m */ = {isa = PBXFileReference; fileEncoding = 4; lastKnownFileType = sourcecode.c.objc; path = DragDataSource.m; sourceTree = "<group>"; };
		8F7697491ED802E00023779F /* Header.h */ = {isa = PBXFileReference; lastKnownFileType = sourcecode.c.h; path = Header.h; sourceTree = "<group>"; };
		8F76974A1ED8031B0023779F /* DragViewController.h */ = {isa = PBXFileReference; fileEncoding = 4; lastKnownFileType = sourcecode.c.h; path = DragViewController.h; sourceTree = "<group>"; };
		8F76974B1ED8031B0023779F /* DragViewController.m */ = {isa = PBXFileReference; fileEncoding = 4; lastKnownFileType = sourcecode.c.objc; path = DragViewController.m; sourceTree = "<group>"; };
		8F76974D1ED80CC60023779F /* DragCollectionViewCell.h */ = {isa = PBXFileReference; fileEncoding = 4; lastKnownFileType = sourcecode.c.h; path = DragCollectionViewCell.h; sourceTree = "<group>"; };
		8F76974E1ED80CC60023779F /* DragCollectionViewCell.m */ = {isa = PBXFileReference; fileEncoding = 4; lastKnownFileType = sourcecode.c.objc; path = DragCollectionViewCell.m; sourceTree = "<group>"; };
/* End PBXFileReference section */

/* Begin PBXFrameworksBuildPhase section */
		8F76970A1ED7D50D0023779F /* Frameworks */ = {
			isa = PBXFrameworksBuildPhase;
			buildActionMask = 2147483647;
			files = (
			);
			runOnlyForDeploymentPostprocessing = 0;
		};
		8F7697231ED7D50D0023779F /* Frameworks */ = {
			isa = PBXFrameworksBuildPhase;
			buildActionMask = 2147483647;
			files = (
			);
			runOnlyForDeploymentPostprocessing = 0;
		};
		8F76972E1ED7D50E0023779F /* Frameworks */ = {
			isa = PBXFrameworksBuildPhase;
			buildActionMask = 2147483647;
			files = (
			);
			runOnlyForDeploymentPostprocessing = 0;
		};
/* End PBXFrameworksBuildPhase section */

/* Begin PBXGroup section */
		8F7697041ED7D50D0023779F = {
			isa = PBXGroup;
			children = (
				8F76970F1ED7D50D0023779F /* Button */,
				8F7697291ED7D50D0023779F /* ButtonTests */,
				8F7697341ED7D50E0023779F /* ButtonUITests */,
				8F76970E1ED7D50D0023779F /* Products */,
			);
			sourceTree = "<group>";
		};
		8F76970E1ED7D50D0023779F /* Products */ = {
			isa = PBXGroup;
			children = (
				8F76970D1ED7D50D0023779F /* Button.app */,
				8F7697261ED7D50D0023779F /* ButtonTests.xctest */,
				8F7697311ED7D50E0023779F /* ButtonUITests.xctest */,
			);
			name = Products;
			sourceTree = "<group>";
		};
		8F76970F1ED7D50D0023779F /* Button */ = {
			isa = PBXGroup;
			children = (
				8F7697131ED7D50D0023779F /* AppDelegate.h */,
				8F7697141ED7D50D0023779F /* AppDelegate.m */,
				8F7697161ED7D50D0023779F /* ViewController.h */,
				8F7697171ED7D50D0023779F /* ViewController.m */,
				8F76974A1ED8031B0023779F /* DragViewController.h */,
				8F76974B1ED8031B0023779F /* DragViewController.m */,
				8F76974D1ED80CC60023779F /* DragCollectionViewCell.h */,
				8F76974E1ED80CC60023779F /* DragCollectionViewCell.m */,
				8F7697431ED7D60A0023779F /* DragDeleteButton.h */,
				8F7697441ED7D60A0023779F /* DragDeleteButton.m */,
				8F7697461ED800940023779F /* DragDataSource.h */,
				8F7697471ED800940023779F /* DragDataSource.m */,
				8F7697491ED802E00023779F /* Header.h */,
				8F7697191ED7D50D0023779F /* Main.storyboard */,
				8F76971C1ED7D50D0023779F /* Assets.xcassets */,
				8F76971E1ED7D50D0023779F /* LaunchScreen.storyboard */,
				8F7697211ED7D50D0023779F /* Info.plist */,
				8F7697101ED7D50D0023779F /* Supporting Files */,
			);
			path = Button;
			sourceTree = "<group>";
		};
		8F7697101ED7D50D0023779F /* Supporting Files */ = {
			isa = PBXGroup;
			children = (
				8F7697111ED7D50D0023779F /* main.m */,
			);
			name = "Supporting Files";
			sourceTree = "<group>";
		};
		8F7697291ED7D50D0023779F /* ButtonTests */ = {
			isa = PBXGroup;
			children = (
				8F76972A1ED7D50D0023779F /* ButtonTests.m */,
				8F76972C1ED7D50E0023779F /* Info.plist */,
			);
			path = ButtonTests;
			sourceTree = "<group>";
		};
		8F7697341ED7D50E0023779F /* ButtonUITests */ = {
			isa = PBXGroup;
			children = (
				8F7697351ED7D50E0023779F /* ButtonUITests.m */,
				8F7697371ED7D50E0023779F /* Info.plist */,
			);
			path = ButtonUITests;
			sourceTree = "<group>";
		};
/* End PBXGroup section */

/* Begin PBXNativeTarget section */
		8F76970C1ED7D50D0023779F /* Button */ = {
			isa = PBXNativeTarget;
			buildConfigurationList = 8F76973A1ED7D50E0023779F /* Build configuration list for PBXNativeTarget "Button" */;
			buildPhases = (
				8F7697091ED7D50D0023779F /* Sources */,
				8F76970A1ED7D50D0023779F /* Frameworks */,
				8F76970B1ED7D50D0023779F /* Resources */,
			);
			buildRules = (
			);
			dependencies = (
			);
			name = Button;
			productName = Button;
			productReference = 8F76970D1ED7D50D0023779F /* Button.app */;
			productType = "com.apple.product-type.application";
		};
		8F7697251ED7D50D0023779F /* ButtonTests */ = {
			isa = PBXNativeTarget;
			buildConfigurationList = 8F76973D1ED7D50E0023779F /* Build configuration list for PBXNativeTarget "ButtonTests" */;
			buildPhases = (
				8F7697221ED7D50D0023779F /* Sources */,
				8F7697231ED7D50D0023779F /* Frameworks */,
				8F7697241ED7D50D0023779F /* Resources */,
			);
			buildRules = (
			);
			dependencies = (
				8F7697281ED7D50D0023779F /* PBXTargetDependency */,
			);
			name = ButtonTests;
			productName = ButtonTests;
			productReference = 8F7697261ED7D50D0023779F /* ButtonTests.xctest */;
			productType = "com.apple.product-type.bundle.unit-test";
		};
		8F7697301ED7D50E0023779F /* ButtonUITests */ = {
			isa = PBXNativeTarget;
			buildConfigurationList = 8F7697401ED7D50E0023779F /* Build configuration list for PBXNativeTarget "ButtonUITests" */;
			buildPhases = (
				8F76972D1ED7D50E0023779F /* Sources */,
				8F76972E1ED7D50E0023779F /* Frameworks */,
				8F76972F1ED7D50E0023779F /* Resources */,
			);
			buildRules = (
			);
			dependencies = (
				8F7697331ED7D50E0023779F /* PBXTargetDependency */,
			);
			name = ButtonUITests;
			productName = ButtonUITests;
			productReference = 8F7697311ED7D50E0023779F /* ButtonUITests.xctest */;
			productType = "com.apple.product-type.bundle.ui-testing";
		};
/* End PBXNativeTarget section */

/* Begin PBXProject section */
		8F7697051ED7D50D0023779F /* Project object */ = {
			isa = PBXProject;
			attributes = {
				LastUpgradeCheck = 0830;
				ORGANIZATIONNAME = xiangronghua;
				TargetAttributes = {
					8F76970C1ED7D50D0023779F = {
						CreatedOnToolsVersion = 8.3.1;
						DevelopmentTeam = 4U8M5497ZW;
						ProvisioningStyle = Automatic;
					};
					8F7697251ED7D50D0023779F = {
						CreatedOnToolsVersion = 8.3.1;
						DevelopmentTeam = 4U8M5497ZW;
						ProvisioningStyle = Automatic;
						TestTargetID = 8F76970C1ED7D50D0023779F;
					};
					8F7697301ED7D50E0023779F = {
						CreatedOnToolsVersion = 8.3.1;
						DevelopmentTeam = 4U8M5497ZW;
						ProvisioningStyle = Automatic;
						TestTargetID = 8F76970C1ED7D50D0023779F;
					};
				};
			};
			buildConfigurationList = 8F7697081ED7D50D0023779F /* Build configuration list for PBXProject "Button" */;
			compatibilityVersion = "Xcode 3.2";
			developmentRegion = English;
			hasScannedForEncodings = 0;
			knownRegions = (
				en,
				Base,
			);
			mainGroup = 8F7697041ED7D50D0023779F;
			productRefGroup = 8F76970E1ED7D50D0023779F /* Products */;
			projectDirPath = "";
			projectRoot = "";
			targets = (
				8F76970C1ED7D50D0023779F /* Button */,
				8F7697251ED7D50D0023779F /* ButtonTests */,
				8F7697301ED7D50E0023779F /* ButtonUITests */,
			);
		};
/* End PBXProject section */

/* Begin PBXResourcesBuildPhase section */
		8F76970B1ED7D50D0023779F /* Resources */ = {
			isa = PBXResourcesBuildPhase;
			buildActionMask = 2147483647;
			files = (
				8F7697201ED7D50D0023779F /* LaunchScreen.storyboard in Resources */,
				8F76971D1ED7D50D0023779F /* Assets.xcassets in Resources */,
				8F76971B1ED7D50D0023779F /* Main.storyboard in Resources */,
			);
			runOnlyForDeploymentPostprocessing = 0;
		};
		8F7697241ED7D50D0023779F /* Resources */ = {
			isa = PBXResourcesBuildPhase;
			buildActionMask = 2147483647;
			files = (
			);
			runOnlyForDeploymentPostprocessing = 0;
		};
		8F76972F1ED7D50E0023779F /* Resources */ = {
			isa = PBXResourcesBuildPhase;
			buildActionMask = 2147483647;
			files = (
			);
			runOnlyForDeploymentPostprocessing = 0;
		};
/* End PBXResourcesBuildPhase section */

/* Begin PBXSourcesBuildPhase section */
		8F7697091ED7D50D0023779F /* Sources */ = {
			isa = PBXSourcesBuildPhase;
			buildActionMask = 2147483647;
			files = (
				8F76974F1ED80CC60023779F /* DragCollectionViewCell.m in Sources */,
				8F7697481ED800940023779F /* DragDataSource.m in Sources */,
				8F7697181ED7D50D0023779F /* ViewController.m in Sources */,
				8F7697151ED7D50D0023779F /* AppDelegate.m in Sources */,
				8F7697451ED7D60A0023779F /* DragDeleteButton.m in Sources */,
				8F76974C1ED8031B0023779F /* DragViewController.m in Sources */,
				8F7697121ED7D50D0023779F /* main.m in Sources */,
			);
			runOnlyForDeploymentPostprocessing = 0;
		};
		8F7697221ED7D50D0023779F /* Sources */ = {
			isa = PBXSourcesBuildPhase;
			buildActionMask = 2147483647;
			files = (
				8F76972B1ED7D50D0023779F /* ButtonTests.m in Sources */,
			);
			runOnlyForDeploymentPostprocessing = 0;
		};
		8F76972D1ED7D50E0023779F /* Sources */ = {
			isa = PBXSourcesBuildPhase;
			buildActionMask = 2147483647;
			files = (
				8F7697361ED7D50E0023779F /* ButtonUITests.m in Sources */,
			);
			runOnlyForDeploymentPostprocessing = 0;
		};
/* End PBXSourcesBuildPhase section */

/* Begin PBXTargetDependency section */
		8F7697281ED7D50D0023779F /* PBXTargetDependency */ = {
			isa = PBXTargetDependency;
			target = 8F76970C1ED7D50D0023779F /* Button */;
			targetProxy = 8F7697271ED7D50D0023779F /* PBXContainerItemProxy */;
		};
		8F7697331ED7D50E0023779F /* PBXTargetDependency */ = {
			isa = PBXTargetDependency;
			target = 8F76970C1ED7D50D0023779F /* Button */;
			targetProxy = 8F7697321ED7D50E0023779F /* PBXContainerItemProxy */;
		};
/* End PBXTargetDependency section */

/* Begin PBXVariantGroup section */
		8F7697191ED7D50D0023779F /* Main.storyboard */ = {
			isa = PBXVariantGroup;
			children = (
				8F76971A1ED7D50D0023779F /* Base */,
			);
			name = Main.storyboard;
			sourceTree = "<group>";
		};
		8F76971E1ED7D50D0023779F /* LaunchScreen.storyboard */ = {
			isa = PBXVariantGroup;
			children = (
				8F76971F1ED7D50D0023779F /* Base */,
			);
			name = LaunchScreen.storyboard;
			sourceTree = "<group>";
		};
/* End PBXVariantGroup section */

/* Begin XCBuildConfiguration section */
		8F7697381ED7D50E0023779F /* Debug */ = {
			isa = XCBuildConfiguration;
			buildSettings = {
				ALWAYS_SEARCH_USER_PATHS = NO;
				CLANG_ANALYZER_NONNULL = YES;
				CLANG_ANALYZER_NUMBER_OBJECT_CONVERSION = YES_AGGRESSIVE;
				CLANG_CXX_LANGUAGE_STANDARD = "gnu++0x";
				CLANG_CXX_LIBRARY = "libc++";
				CLANG_ENABLE_MODULES = YES;
				CLANG_ENABLE_OBJC_ARC = YES;
				CLANG_WARN_BOOL_CONVERSION = YES;
				CLANG_WARN_CONSTANT_CONVERSION = YES;
				CLANG_WARN_DIRECT_OBJC_ISA_USAGE = YES_ERROR;
				CLANG_WARN_DOCUMENTATION_COMMENTS = YES;
				CLANG_WARN_EMPTY_BODY = YES;
				CLANG_WARN_ENUM_CONVERSION = YES;
				CLANG_WARN_INFINITE_RECURSION = YES;
				CLANG_WARN_INT_CONVERSION = YES;
				CLANG_WARN_OBJC_ROOT_CLASS = YES_ERROR;
				CLANG_WARN_SUSPICIOUS_MOVE = YES;
				CLANG_WARN_UNREACHABLE_CODE = YES;
				CLANG_WARN__DUPLICATE_METHOD_MATCH = YES;
				"CODE_SIGN_IDENTITY[sdk=iphoneos*]" = "iPhone Developer";
				COPY_PHASE_STRIP = NO;
				DEBUG_INFORMATION_FORMAT = dwarf;
				ENABLE_STRICT_OBJC_MSGSEND = YES;
				ENABLE_TESTABILITY = YES;
				GCC_C_LANGUAGE_STANDARD = gnu99;
				GCC_DYNAMIC_NO_PIC = NO;
				GCC_NO_COMMON_BLOCKS = YES;
				GCC_OPTIMIZATION_LEVEL = 0;
				GCC_PREPROCESSOR_DEFINITIONS = (
					"DEBUG=1",
					"$(inherited)",
				);
				GCC_WARN_64_TO_32_BIT_CONVERSION = YES;
				GCC_WARN_ABOUT_RETURN_TYPE = YES_ERROR;
				GCC_WARN_UNDECLARED_SELECTOR = YES;
				GCC_WARN_UNINITIALIZED_AUTOS = YES_AGGRESSIVE;
				GCC_WARN_UNUSED_FUNCTION = YES;
				GCC_WARN_UNUSED_VARIABLE = YES;
				IPHONEOS_DEPLOYMENT_TARGET = 10.3;
				MTL_ENABLE_DEBUG_INFO = YES;
				ONLY_ACTIVE_ARCH = YES;
				SDKROOT = iphoneos;
				TARGETED_DEVICE_FAMILY = "1,2";
			};
			name = Debug;
		};
		8F7697391ED7D50E0023779F /* Release */ = {
			isa = XCBuildConfiguration;
			buildSettings = {
				ALWAYS_SEARCH_USER_PATHS = NO;
				CLANG_ANALYZER_NONNULL = YES;
				CLANG_ANALYZER_NUMBER_OBJECT_CONVERSION = YES_AGGRESSIVE;
				CLANG_CXX_LANGUAGE_STANDARD = "gnu++0x";
				CLANG_CXX_LIBRARY = "libc++";
				CLANG_ENABLE_MODULES = YES;
				CLANG_ENABLE_OBJC_ARC = YES;
				CLANG_WARN_BOOL_CONVERSION = YES;
				CLANG_WARN_CONSTANT_CONVERSION = YES;
				CLANG_WARN_DIRECT_OBJC_ISA_USAGE = YES_ERROR;
				CLANG_WARN_DOCUMENTATION_COMMENTS = YES;
				CLANG_WARN_EMPTY_BODY = YES;
				CLANG_WARN_ENUM_CONVERSION = YES;
				CLANG_WARN_INFINITE_RECURSION = YES;
				CLANG_WARN_INT_CONVERSION = YES;
				CLANG_WARN_OBJC_ROOT_CLASS = YES_ERROR;
				CLANG_WARN_SUSPICIOUS_MOVE = YES;
				CLANG_WARN_UNREACHABLE_CODE = YES;
				CLANG_WARN__DUPLICATE_METHOD_MATCH = YES;
				"CODE_SIGN_IDENTITY[sdk=iphoneos*]" = "iPhone Developer";
				COPY_PHASE_STRIP = NO;
				DEBUG_INFORMATION_FORMAT = "dwarf-with-dsym";
				ENABLE_NS_ASSERTIONS = NO;
				ENABLE_STRICT_OBJC_MSGSEND = YES;
				GCC_C_LANGUAGE_STANDARD = gnu99;
				GCC_NO_COMMON_BLOCKS = YES;
				GCC_WARN_64_TO_32_BIT_CONVERSION = YES;
				GCC_WARN_ABOUT_RETURN_TYPE = YES_ERROR;
				GCC_WARN_UNDECLARED_SELECTOR = YES;
				GCC_WARN_UNINITIALIZED_AUTOS = YES_AGGRESSIVE;
				GCC_WARN_UNUSED_FUNCTION = YES;
				GCC_WARN_UNUSED_VARIABLE = YES;
				IPHONEOS_DEPLOYMENT_TARGET = 10.3;
				MTL_ENABLE_DEBUG_INFO = NO;
				SDKROOT = iphoneos;
				TARGETED_DEVICE_FAMILY = "1,2";
				VALIDATE_PRODUCT = YES;
			};
			name = Release;
		};
		8F76973B1ED7D50E0023779F /* Debug */ = {
			isa = XCBuildConfiguration;
			buildSettings = {
				ASSETCATALOG_COMPILER_APPICON_NAME = AppIcon;
				DEVELOPMENT_TEAM = 4U8M5497ZW;
				INFOPLIST_FILE = Button/Info.plist;
				LD_RUNPATH_SEARCH_PATHS = "$(inherited) @executable_path/Frameworks";
				PRODUCT_BUNDLE_IDENTIFIER = XRH.Button;
				PRODUCT_NAME = "$(TARGET_NAME)";
			};
			name = Debug;
		};
		8F76973C1ED7D50E0023779F /* Release */ = {
			isa = XCBuildConfiguration;
			buildSettings = {
				ASSETCATALOG_COMPILER_APPICON_NAME = AppIcon;
				DEVELOPMENT_TEAM = 4U8M5497ZW;
				INFOPLIST_FILE = Button/Info.plist;
				LD_RUNPATH_SEARCH_PATHS = "$(inherited) @executable_path/Frameworks";
				PRODUCT_BUNDLE_IDENTIFIER = XRH.Button;
				PRODUCT_NAME = "$(TARGET_NAME)";
			};
			name = Release;
		};
		8F76973E1ED7D50E0023779F /* Debug */ = {
			isa = XCBuildConfiguration;
			buildSettings = {
				BUNDLE_LOADER = "$(TEST_HOST)";
				DEVELOPMENT_TEAM = 4U8M5497ZW;
				INFOPLIST_FILE = ButtonTests/Info.plist;
				LD_RUNPATH_SEARCH_PATHS = "$(inherited) @executable_path/Frameworks @loader_path/Frameworks";
				PRODUCT_BUNDLE_IDENTIFIER = XRH.ButtonTests;
				PRODUCT_NAME = "$(TARGET_NAME)";
				TEST_HOST = "$(BUILT_PRODUCTS_DIR)/Button.app/Button";
			};
			name = Debug;
		};
		8F76973F1ED7D50E0023779F /* Release */ = {
			isa = XCBuildConfiguration;
			buildSettings = {
				BUNDLE_LOADER = "$(TEST_HOST)";
				DEVELOPMENT_TEAM = 4U8M5497ZW;
				INFOPLIST_FILE = ButtonTests/Info.plist;
				LD_RUNPATH_SEARCH_PATHS = "$(inherited) @executable_path/Frameworks @loader_path/Frameworks";
				PRODUCT_BUNDLE_IDENTIFIER = XRH.ButtonTests;
				PRODUCT_NAME = "$(TARGET_NAME)";
				TEST_HOST = "$(BUILT_PRODUCTS_DIR)/Button.app/Button";
			};
			name = Release;
		};
		8F7697411ED7D50E0023779F /* Debug */ = {
			isa = XCBuildConfiguration;
			buildSettings = {
				DEVELOPMENT_TEAM = 4U8M5497ZW;
				INFOPLIST_FILE = ButtonUITests/Info.plist;
				LD_RUNPATH_SEARCH_PATHS = "$(inherited) @executable_path/Frameworks @loader_path/Frameworks";
				PRODUCT_BUNDLE_IDENTIFIER = XRH.ButtonUITests;
				PRODUCT_NAME = "$(TARGET_NAME)";
				TEST_TARGET_NAME = Button;
			};
			name = Debug;
		};
		8F7697421ED7D50E0023779F /* Release */ = {
			isa = XCBuildConfiguration;
			buildSettings = {
				DEVELOPMENT_TEAM = 4U8M5497ZW;
				INFOPLIST_FILE = ButtonUITests/Info.plist;
				LD_RUNPATH_SEARCH_PATHS = "$(inherited) @executable_path/Frameworks @loader_path/Frameworks";
				PRODUCT_BUNDLE_IDENTIFIER = XRH.ButtonUITests;
				PRODUCT_NAME = "$(TARGET_NAME)";
				TEST_TARGET_NAME = Button;
			};
			name = Release;
		};
/* End XCBuildConfiguration section */

/* Begin XCConfigurationList section */
		8F7697081ED7D50D0023779F /* Build configuration list for PBXProject "Button" */ = {
			isa = XCConfigurationList;
			buildConfigurations = (
				8F7697381ED7D50E0023779F /* Debug */,
				8F7697391ED7D50E0023779F /* Release */,
			);
			defaultConfigurationIsVisible = 0;
			defaultConfigurationName = Release;
		};
		8F76973A1ED7D50E0023779F /* Build configuration list for PBXNativeTarget "Button" */ = {
			isa = XCConfigurationList;
			buildConfigurations = (
				8F76973B1ED7D50E0023779F /* Debug */,
				8F76973C1ED7D50E0023779F /* Release */,
			);
			defaultConfigurationIsVisible = 0;
		};
		8F76973D1ED7D50E0023779F /* Build configuration list for PBXNativeTarget "ButtonTests" */ = {
			isa = XCConfigurationList;
			buildConfigurations = (
				8F76973E1ED7D50E0023779F /* Debug */,
				8F76973F1ED7D50E0023779F /* Release */,
			);
			defaultConfigurationIsVisible = 0;
		};
		8F7697401ED7D50E0023779F /* Build configuration list for PBXNativeTarget "ButtonUITests" */ = {
			isa = XCConfigurationList;
			buildConfigurations = (
				8F7697411ED7D50E0023779F /* Debug */,
				8F7697421ED7D50E0023779F /* Release */,
			);
			defaultConfigurationIsVisible = 0;
		};
/* End XCConfigurationList section */
	};
	rootObject = 8F7697051ED7D50D0023779F /* Project object */;
}
